
Microsoft Visual Studio Solution File, Format Version 12.00
# Visual Studio Version 17
VisualStudioVersion = 17.3.32825.248
MinimumVisualStudioVersion = 10.0.40219.1
Project("{9A19103F-16F7-4668-BE54-9A1E7A4F7556}") = "DigitalTwin.Api", "DigitalTwin.Api\DigitalTwin.Api.csproj", "{FEDDEC99-3BF8-4F5F-95B5-8079560788E4}"
EndProject
Project("{9A19103F-16F7-4668-BE54-9A1E7A4F7556}") = "DigitalTwin.Business", "DigitalTwin.Business\DigitalTwin.Business.csproj", "{8B67E723-5439-4FD0-BDCB-0F3A2E2BA97C}"
EndProject
Project("{9A19103F-16F7-4668-BE54-9A1E7A4F7556}") = "DigitalTwin.Common", "DigitalTwin.Common\DigitalTwin.Common.csproj", "{567D5130-DD85-4CDA-9D6C-18B6160792B0}"
EndProject
Project("{9A19103F-16F7-4668-BE54-9A1E7A4F7556}") = "DigitalTwin.Data", "DigitalTwin.Data\DigitalTwin.Data.csproj", "{614E9104-0D49-4B69-BC34-916EE621262A}"
EndProject
Project("{9A19103F-16F7-4668-BE54-9A1E7A4F7556}") = "DigitalTwin.DataMigration", "DigitalTwin.DataMigration\DigitalTwin.DataMigration.csproj", "{69D7D7CC-C613-4F9E-86A1-21294F85F360}"
EndProject
Project("{9A19103F-16F7-4668-BE54-9A1E7A4F7556}") = "DigitalTwin.Models", "DigitalTwin.Models\DigitalTwin.Models.csproj", "{E53476B2-2A55-4E2F-A7FE-ECA44DF3EE6E}"
EndProject
Project("{9A19103F-16F7-4668-BE54-9A1E7A4F7556}") = "DigitalTwin.Core", "DigitalTwin.Core\DigitalTwin.Core.csproj", "{C6DD763B-88CD-440C-B523-56F4AA270D43}"
EndProject
Global
	GlobalSection(SolutionConfigurationPlatforms) = preSolution
		Debug|Any CPU = Debug|Any CPU
		Release|Any CPU = Release|Any CPU
	EndGlobalSection
	GlobalSection(ProjectConfigurationPlatforms) = postSolution
		{FEDDEC99-3BF8-4F5F-95B5-8079560788E4}.Debug|Any CPU.ActiveCfg = Debug|Any CPU
		{FEDDEC99-3BF8-4F5F-95B5-8079560788E4}.Debug|Any CPU.Build.0 = Debug|Any CPU
		{FEDDEC99-3BF8-4F5F-95B5-8079560788E4}.Release|Any CPU.ActiveCfg = Release|Any CPU
		{FEDDEC99-3BF8-4F5F-95B5-8079560788E4}.Release|Any CPU.Build.0 = Release|Any CPU
		{8B67E723-5439-4FD0-BDCB-0F3A2E2BA97C}.Debug|Any CPU.ActiveCfg = Debug|Any CPU
		{8B67E723-5439-4FD0-BDCB-0F3A2E2BA97C}.Debug|Any CPU.Build.0 = Debug|Any CPU
		{8B67E723-5439-4FD0-BDCB-0F3A2E2BA97C}.Release|Any CPU.ActiveCfg = Release|Any CPU
		{8B67E723-5439-4FD0-BDCB-0F3A2E2BA97C}.Release|Any CPU.Build.0 = Release|Any CPU
		{567D5130-DD85-4CDA-9D6C-18B6160792B0}.Debug|Any CPU.ActiveCfg = Debug|Any CPU
		{567D5130-DD85-4CDA-9D6C-18B6160792B0}.Debug|Any CPU.Build.0 = Debug|Any CPU
		{567D5130-DD85-4CDA-9D6C-18B6160792B0}.Release|Any CPU.ActiveCfg = Release|Any CPU
		{567D5130-DD85-4CDA-9D6C-18B6160792B0}.Release|Any CPU.Build.0 = Release|Any CPU
		{614E9104-0D49-4B69-BC34-916EE621262A}.Debug|Any CPU.ActiveCfg = Debug|Any CPU
		{614E9104-0D49-4B69-BC34-916EE621262A}.Debug|Any CPU.Build.0 = Debug|Any CPU
		{614E9104-0D49-4B69-BC34-916EE621262A}.Release|Any CPU.ActiveCfg = Release|Any CPU
		{614E9104-0D49-4B69-BC34-916EE621262A}.Release|Any CPU.Build.0 = Release|Any CPU
		{69D7D7CC-C613-4F9E-86A1-21294F85F360}.Debug|Any CPU.ActiveCfg = Debug|Any CPU
		{69D7D7CC-C613-4F9E-86A1-21294F85F360}.Debug|Any CPU.Build.0 = Debug|Any CPU
		{69D7D7CC-C613-4F9E-86A1-21294F85F360}.Release|Any CPU.ActiveCfg = Release|Any CPU
		{69D7D7CC-C613-4F9E-86A1-21294F85F360}.Release|Any CPU.Build.0 = Release|Any CPU
		{E53476B2-2A55-4E2F-A7FE-ECA44DF3EE6E}.Debug|Any CPU.ActiveCfg = Debug|Any CPU
		{E53476B2-2A55-4E2F-A7FE-ECA44DF3EE6E}.Debug|Any CPU.Build.0 = Debug|Any CPU
		{E53476B2-2A55-4E2F-A7FE-ECA44DF3EE6E}.Release|Any CPU.ActiveCfg = Release|Any CPU
		{E53476B2-2A55-4E2F-A7FE-ECA44DF3EE6E}.Release|Any CPU.Build.0 = Release|Any CPU
		{C6DD763B-88CD-440C-B523-56F4AA270D43}.Debug|Any CPU.ActiveCfg = Debug|Any CPU
		{C6DD763B-88CD-440C-B523-56F4AA270D43}.Debug|Any CPU.Build.0 = Debug|Any CPU
		{C6DD763B-88CD-440C-B523-56F4AA270D43}.Release|Any CPU.ActiveCfg = Release|Any CPU
		{C6DD763B-88CD-440C-B523-56F4AA270D43}.Release|Any CPU.Build.0 = Release|Any CPU
	EndGlobalSection
	GlobalSection(SolutionProperties) = preSolution
		HideSolutionNode = FALSE
	EndGlobalSection
	GlobalSection(ExtensibilityGlobals) = postSolution
		SolutionGuid = {8D3F6165-D828-402A-9B7D-87B8A4AF273A}
	EndGlobalSection
EndGlobal
